
Microsoft Visual Studio Solution File, Format Version 12.00
# Visual Studio 15
VisualStudioVersion = 15.0.27703.2000
MinimumVisualStudioVersion = 10.0.40219.1
Project("{FAE04EC0-301F-11D3-BF4B-00C04F79EFBC}") = "Lands.Android", "Lands\Lands.Android\Lands.Android.csproj", "{69BCD4A6-0191-48F3-B9C8-BE3F8A3DE15B}"
EndProject
Project("{FAE04EC0-301F-11D3-BF4B-00C04F79EFBC}") = "Lands.iOS", "Lands\Lands.iOS\Lands.iOS.csproj", "{6F297E74-4670-4F8C-A718-D3AAFF59DC46}"
EndProject
Project("{FAE04EC0-301F-11D3-BF4B-00C04F79EFBC}") = "Lands", "Lands\Lands\Lands.csproj", "{560230F2-FA7E-4C3C-A528-CA6A68F1A39D}"
EndProject
Global
	GlobalSection(SolutionConfigurationPlatforms) = preSolution
		Ad-Hoc|Any CPU = Ad-Hoc|Any CPU
		Ad-Hoc|iPhone = Ad-Hoc|iPhone
		Ad-Hoc|iPhoneSimulator = Ad-Hoc|iPhoneSimulator
		AppStore|Any CPU = AppStore|Any CPU
		AppStore|iPhone = AppStore|iPhone
		AppStore|iPhoneSimulator = AppStore|iPhoneSimulator
		Debug|Any CPU = Debug|Any CPU
		Debug|iPhone = Debug|iPhone
		Debug|iPhoneSimulator = Debug|iPhoneSimulator
		Release|Any CPU = Release|Any CPU
		Release|iPhone = Release|iPhone
		Release|iPhoneSimulator = Release|iPhoneSimulator
	EndGlobalSection
	GlobalSection(ProjectConfigurationPlatforms) = postSolution
		{69BCD4A6-0191-48F3-B9C8-BE3F8A3DE15B}.Ad-Hoc|Any CPU.ActiveCfg = Release|Any CPU
		{69BCD4A6-0191-48F3-B9C8-BE3F8A3DE15B}.Ad-Hoc|Any CPU.Build.0 = Release|Any CPU
		{69BCD4A6-0191-48F3-B9C8-BE3F8A3DE15B}.Ad-Hoc|Any CPU.Deploy.0 = Release|Any CPU
		{69BCD4A6-0191-48F3-B9C8-BE3F8A3DE15B}.Ad-Hoc|iPhone.ActiveCfg = Release|Any CPU
		{69BCD4A6-0191-48F3-B9C8-BE3F8A3DE15B}.Ad-Hoc|iPhone.Build.0 = Release|Any CPU
		{69BCD4A6-0191-48F3-B9C8-BE3F8A3DE15B}.Ad-Hoc|iPhone.Deploy.0 = Release|Any CPU
		{69BCD4A6-0191-48F3-B9C8-BE3F8A3DE15B}.Ad-Hoc|iPhoneSimulator.ActiveCfg = Release|Any CPU
		{69BCD4A6-0191-48F3-B9C8-BE3F8A3DE15B}.Ad-Hoc|iPhoneSimulator.Build.0 = Release|Any CPU
		{69BCD4A6-0191-48F3-B9C8-BE3F8A3DE15B}.Ad-Hoc|iPhoneSimulator.Deploy.0 = Release|Any CPU
		{69BCD4A6-0191-48F3-B9C8-BE3F8A3DE15B}.AppStore|Any CPU.ActiveCfg = Release|Any CPU
		{69BCD4A6-0191-48F3-B9C8-BE3F8A3DE15B}.AppStore|Any CPU.Build.0 = Release|Any CPU
		{69BCD4A6-0191-48F3-B9C8-BE3F8A3DE15B}.AppStore|Any CPU.Deploy.0 = Release|Any CPU
		{69BCD4A6-0191-48F3-B9C8-BE3F8A3DE15B}.AppStore|iPhone.ActiveCfg = Release|Any CPU
		{69BCD4A6-0191-48F3-B9C8-BE3F8A3DE15B}.AppStore|iPhone.Build.0 = Release|Any CPU
		{69BCD4A6-0191-48F3-B9C8-BE3F8A3DE15B}.AppStore|iPhone.Deploy.0 = Release|Any CPU
		{69BCD4A6-0191-48F3-B9C8-BE3F8A3DE15B}.AppStore|iPhoneSimulator.ActiveCfg = Release|Any CPU
		{69BCD4A6-0191-48F3-B9C8-BE3F8A3DE15B}.AppStore|iPhoneSimulator.Build.0 = Release|Any CPU
		{69BCD4A6-0191-48F3-B9C8-BE3F8A3DE15B}.AppStore|iPhoneSimulator.Deploy.0 = Release|Any CPU
		{69BCD4A6-0191-48F3-B9C8-BE3F8A3DE15B}.Debug|Any CPU.ActiveCfg = Debug|Any CPU
		{69BCD4A6-0191-48F3-B9C8-BE3F8A3DE15B}.Debug|Any CPU.Build.0 = Debug|Any CPU
		{69BCD4A6-0191-48F3-B9C8-BE3F8A3DE15B}.Debug|Any CPU.Deploy.0 = Debug|Any CPU
		{69BCD4A6-0191-48F3-B9C8-BE3F8A3DE15B}.Debug|iPhone.ActiveCfg = Debug|Any CPU
		{69BCD4A6-0191-48F3-B9C8-BE3F8A3DE15B}.Debug|iPhone.Build.0 = Debug|Any CPU
		{69BCD4A6-0191-48F3-B9C8-BE3F8A3DE15B}.Debug|iPhone.Deploy.0 = Debug|Any CPU
		{69BCD4A6-0191-48F3-B9C8-BE3F8A3DE15B}.Debug|iPhoneSimulator.ActiveCfg = Debug|Any CPU
		{69BCD4A6-0191-48F3-B9C8-BE3F8A3DE15B}.Debug|iPhoneSimulator.Build.0 = Debug|Any CPU
		{69BCD4A6-0191-48F3-B9C8-BE3F8A3DE15B}.Debug|iPhoneSimulator.Deploy.0 = Debug|Any CPU
		{69BCD4A6-0191-48F3-B9C8-BE3F8A3DE15B}.Release|Any CPU.ActiveCfg = Release|Any CPU
		{69BCD4A6-0191-48F3-B9C8-BE3F8A3DE15B}.Release|Any CPU.Build.0 = Release|Any CPU
		{69BCD4A6-0191-48F3-B9C8-BE3F8A3DE15B}.Release|Any CPU.Deploy.0 = Release|Any CPU
		{69BCD4A6-0191-48F3-B9C8-BE3F8A3DE15B}.Release|iPhone.ActiveCfg = Release|Any CPU
		{69BCD4A6-0191-48F3-B9C8-BE3F8A3DE15B}.Release|iPhone.Build.0 = Release|Any CPU
		{69BCD4A6-0191-48F3-B9C8-BE3F8A3DE15B}.Release|iPhone.Deploy.0 = Release|Any CPU
		{69BCD4A6-0191-48F3-B9C8-BE3F8A3DE15B}.Release|iPhoneSimulator.ActiveCfg = Release|Any CPU
		{69BCD4A6-0191-48F3-B9C8-BE3F8A3DE15B}.Release|iPhoneSimulator.Build.0 = Release|Any CPU
		{69BCD4A6-0191-48F3-B9C8-BE3F8A3DE15B}.Release|iPhoneSimulator.Deploy.0 = Release|Any CPU
		{6F297E74-4670-4F8C-A718-D3AAFF59DC46}.Ad-Hoc|Any CPU.ActiveCfg = Ad-Hoc|iPhone
		{6F297E74-4670-4F8C-A718-D3AAFF59DC46}.Ad-Hoc|Any CPU.Build.0 = Ad-Hoc|iPhone
		{6F297E74-4670-4F8C-A718-D3AAFF59DC46}.Ad-Hoc|Any CPU.Deploy.0 = Ad-Hoc|iPhone
		{6F297E74-4670-4F8C-A718-D3AAFF59DC46}.Ad-Hoc|iPhone.ActiveCfg = Ad-Hoc|iPhone
		{6F297E74-4670-4F8C-A718-D3AAFF59DC46}.Ad-Hoc|iPhone.Build.0 = Ad-Hoc|iPhone
		{6F297E74-4670-4F8C-A718-D3AAFF59DC46}.Ad-Hoc|iPhone.Deploy.0 = Ad-Hoc|iPhone
		{6F297E74-4670-4F8C-A718-D3AAFF59DC46}.Ad-Hoc|iPhoneSimulator.ActiveCfg = Ad-Hoc|iPhoneSimulator
		{6F297E74-4670-4F8C-A718-D3AAFF59DC46}.Ad-Hoc|iPhoneSimulator.Build.0 = Ad-Hoc|iPhoneSimulator
		{6F297E74-4670-4F8C-A718-D3AAFF59DC46}.Ad-Hoc|iPhoneSimulator.Deploy.0 = Ad-Hoc|iPhoneSimulator
		{6F297E74-4670-4F8C-A718-D3AAFF59DC46}.AppStore|Any CPU.ActiveCfg = AppStore|iPhone
		{6F297E74-4670-4F8C-A718-D3AAFF59DC46}.AppStore|Any CPU.Build.0 = AppStore|iPhone
		{6F297E74-4670-4F8C-A718-D3AAFF59DC46}.AppStore|Any CPU.Deploy.0 = AppStore|iPhone
		{6F297E74-4670-4F8C-A718-D3AAFF59DC46}.AppStore|iPhone.ActiveCfg = AppStore|iPhone
		{6F297E74-4670-4F8C-A718-D3AAFF59DC46}.AppStore|iPhone.Build.0 = AppStore|iPhone
		{6F297E74-4670-4F8C-A718-D3AAFF59DC46}.AppStore|iPhone.Deploy.0 = AppStore|iPhone
		{6F297E74-4670-4F8C-A718-D3AAFF59DC46}.AppStore|iPhoneSimulator.ActiveCfg = AppStore|iPhoneSimulator
		{6F297E74-4670-4F8C-A718-D3AAFF59DC46}.AppStore|iPhoneSimulator.Build.0 = AppStore|iPhoneSimulator
		{6F297E74-4670-4F8C-A718-D3AAFF59DC46}.AppStore|iPhoneSimulator.Deploy.0 = AppStore|iPhoneSimulator
		{6F297E74-4670-4F8C-A718-D3AAFF59DC46}.Debug|Any CPU.ActiveCfg = Debug|iPhoneSimulator
		{6F297E74-4670-4F8C-A718-D3AAFF59DC46}.Debug|Any CPU.Build.0 = Debug|iPhoneSimulator
		{6F297E74-4670-4F8C-A718-D3AAFF59DC46}.Debug|Any CPU.Deploy.0 = Debug|iPhoneSimulator
		{6F297E74-4670-4F8C-A718-D3AAFF59DC46}.Debug|iPhone.ActiveCfg = Debug|iPhone
		{6F297E74-4670-4F8C-A718-D3AAFF59DC46}.Debug|iPhone.Build.0 = Debug|iPhone
		{6F297E74-4670-4F8C-A718-D3AAFF59DC46}.Debug|iPhone.Deploy.0 = Debug|iPhone
		{6F297E74-4670-4F8C-A718-D3AAFF59DC46}.Debug|iPhoneSimulator.ActiveCfg = Debug|iPhoneSimulator
		{6F297E74-4670-4F8C-A718-D3AAFF59DC46}.Debug|iPhoneSimulator.Build.0 = Debug|iPhoneSimulator
		{6F297E74-4670-4F8C-A718-D3AAFF59DC46}.Debug|iPhoneSimulator.Deploy.0 = Debug|iPhoneSimulator
		{6F297E74-4670-4F8C-A718-D3AAFF59DC46}.Release|Any CPU.ActiveCfg = Release|iPhone
		{6F297E74-4670-4F8C-A718-D3AAFF59DC46}.Release|Any CPU.Build.0 = Release|iPhone
		{6F297E74-4670-4F8C-A718-D3AAFF59DC46}.Release|Any CPU.Deploy.0 = Release|iPhone
		{6F297E74-4670-4F8C-A718-D3AAFF59DC46}.Release|iPhone.ActiveCfg = Release|iPhone
		{6F297E74-4670-4F8C-A718-D3AAFF59DC46}.Release|iPhone.Build.0 = Release|iPhone
		{6F297E74-4670-4F8C-A718-D3AAFF59DC46}.Release|iPhone.Deploy.0 = Release|iPhone
		{6F297E74-4670-4F8C-A718-D3AAFF59DC46}.Release|iPhoneSimulator.ActiveCfg = Release|iPhoneSimulator
		{6F297E74-4670-4F8C-A718-D3AAFF59DC46}.Release|iPhoneSimulator.Build.0 = Release|iPhoneSimulator
		{6F297E74-4670-4F8C-A718-D3AAFF59DC46}.Release|iPhoneSimulator.Deploy.0 = Release|iPhoneSimulator
		{560230F2-FA7E-4C3C-A528-CA6A68F1A39D}.Ad-Hoc|Any CPU.ActiveCfg = Debug|Any CPU
		{560230F2-FA7E-4C3C-A528-CA6A68F1A39D}.Ad-Hoc|Any CPU.Build.0 = Debug|Any CPU
		{560230F2-FA7E-4C3C-A528-CA6A68F1A39D}.Ad-Hoc|Any CPU.Deploy.0 = Debug|Any CPU
		{560230F2-FA7E-4C3C-A528-CA6A68F1A39D}.Ad-Hoc|iPhone.ActiveCfg = Debug|Any CPU
		{560230F2-FA7E-4C3C-A528-CA6A68F1A39D}.Ad-Hoc|iPhone.Build.0 = Debug|Any CPU
		{560230F2-FA7E-4C3C-A528-CA6A68F1A39D}.Ad-Hoc|iPhone.Deploy.0 = Debug|Any CPU
		{560230F2-FA7E-4C3C-A528-CA6A68F1A39D}.Ad-Hoc|iPhoneSimulator.ActiveCfg = Debug|Any CPU
		{560230F2-FA7E-4C3C-A528-CA6A68F1A39D}.Ad-Hoc|iPhoneSimulator.Build.0 = Debug|Any CPU
		{560230F2-FA7E-4C3C-A528-CA6A68F1A39D}.Ad-Hoc|iPhoneSimulator.Deploy.0 = Debug|Any CPU
		{560230F2-FA7E-4C3C-A528-CA6A68F1A39D}.AppStore|Any CPU.ActiveCfg = Debug|Any CPU
		{560230F2-FA7E-4C3C-A528-CA6A68F1A39D}.AppStore|Any CPU.Build.0 = Debug|Any CPU
		{560230F2-FA7E-4C3C-A528-CA6A68F1A39D}.AppStore|Any CPU.Deploy.0 = Debug|Any CPU
		{560230F2-FA7E-4C3C-A528-CA6A68F1A39D}.AppStore|iPhone.ActiveCfg = Debug|Any CPU
		{560230F2-FA7E-4C3C-A528-CA6A68F1A39D}.AppStore|iPhone.Build.0 = Debug|Any CPU
		{560230F2-FA7E-4C3C-A528-CA6A68F1A39D}.AppStore|iPhone.Deploy.0 = Debug|Any CPU
		{560230F2-FA7E-4C3C-A528-CA6A68F1A39D}.AppStore|iPhoneSimulator.ActiveCfg = Debug|Any CPU
		{560230F2-FA7E-4C3C-A528-CA6A68F1A39D}.AppStore|iPhoneSimulator.Build.0 = Debug|Any CPU
		{560230F2-FA7E-4C3C-A528-CA6A68F1A39D}.AppStore|iPhoneSimulator.Deploy.0 = Debug|Any CPU
		{560230F2-FA7E-4C3C-A528-CA6A68F1A39D}.Debug|Any CPU.ActiveCfg = Debug|Any CPU
		{560230F2-FA7E-4C3C-A528-CA6A68F1A39D}.Debug|Any CPU.Build.0 = Debug|Any CPU
		{560230F2-FA7E-4C3C-A528-CA6A68F1A39D}.Debug|Any CPU.Deploy.0 = Debug|Any CPU
		{560230F2-FA7E-4C3C-A528-CA6A68F1A39D}.Debug|iPhone.ActiveCfg = Debug|Any CPU
		{560230F2-FA7E-4C3C-A528-CA6A68F1A39D}.Debug|iPhone.Build.0 = Debug|Any CPU
		{560230F2-FA7E-4C3C-A528-CA6A68F1A39D}.Debug|iPhone.Deploy.0 = Debug|Any CPU
		{560230F2-FA7E-4C3C-A528-CA6A68F1A39D}.Debug|iPhoneSimulator.ActiveCfg = Debug|Any CPU
		{560230F2-FA7E-4C3C-A528-CA6A68F1A39D}.Debug|iPhoneSimulator.Build.0 = Debug|Any CPU
		{560230F2-FA7E-4C3C-A528-CA6A68F1A39D}.Debug|iPhoneSimulator.Deploy.0 = Debug|Any CPU
		{560230F2-FA7E-4C3C-A528-CA6A68F1A39D}.Release|Any CPU.ActiveCfg = Release|Any CPU
		{560230F2-FA7E-4C3C-A528-CA6A68F1A39D}.Release|Any CPU.Build.0 = Release|Any CPU
		{560230F2-FA7E-4C3C-A528-CA6A68F1A39D}.Release|Any CPU.Deploy.0 = Release|Any CPU
		{560230F2-FA7E-4C3C-A528-CA6A68F1A39D}.Release|iPhone.ActiveCfg = Release|Any CPU
		{560230F2-FA7E-4C3C-A528-CA6A68F1A39D}.Release|iPhone.Build.0 = Release|Any CPU
		{560230F2-FA7E-4C3C-A528-CA6A68F1A39D}.Release|iPhone.Deploy.0 = Release|Any CPU
		{560230F2-FA7E-4C3C-A528-CA6A68F1A39D}.Release|iPhoneSimulator.ActiveCfg = Release|Any CPU
		{560230F2-FA7E-4C3C-A528-CA6A68F1A39D}.Release|iPhoneSimulator.Build.0 = Release|Any CPU
		{560230F2-FA7E-4C3C-A528-CA6A68F1A39D}.Release|iPhoneSimulator.Deploy.0 = Release|Any CPU
	EndGlobalSection
	GlobalSection(SolutionProperties) = preSolution
		HideSolutionNode = FALSE
	EndGlobalSection
	GlobalSection(ExtensibilityGlobals) = postSolution
		SolutionGuid = {CBA57B29-DDC4-4C5F-BD54-1B507ED77351}
	EndGlobalSection
EndGlobal
